
Microsoft Visual Studio Solution File, Format Version 12.00
# Visual Studio Version 17
VisualStudioVersion = 17.8.34525.116
MinimumVisualStudioVersion = 10.0.40219.1
Project("{FAE04EC0-301F-11D3-BF4B-00C04F79EFBC}") = "ConsoleApp3", "ConsoleApp3\ConsoleApp3.csproj", "{7F6CA27E-3377-440B-974C-458160343DAC}"
EndProject
Global
	GlobalSection(SolutionConfigurationPlatforms) = preSolution
		Debug|Any CPU = Debug|Any CPU
		Release|Any CPU = Release|Any CPU
	EndGlobalSection
	GlobalSection(ProjectConfigurationPlatforms) = postSolution
		{7F6CA27E-3377-440B-974C-458160343DAC}.Debug|Any CPU.ActiveCfg = Debug|Any CPU
		{7F6CA27E-3377-440B-974C-458160343DAC}.Debug|Any CPU.Build.0 = Debug|Any CPU
		{7F6CA27E-3377-440B-974C-458160343DAC}.Release|Any CPU.ActiveCfg = Release|Any CPU
		{7F6CA27E-3377-440B-974C-458160343DAC}.Release|Any CPU.Build.0 = Release|Any CPU
	EndGlobalSection
	GlobalSection(SolutionProperties) = preSolution
		HideSolutionNode = FALSE
	EndGlobalSection
	GlobalSection(ExtensibilityGlobals) = postSolution
		SolutionGuid = {EB785E41-3AEC-4718-86FC-668CCB560A6F}
	EndGlobalSection
EndGlobal
